
Microsoft Visual Studio Solution File, Format Version 12.00
# Visual Studio Version 17
VisualStudioVersion = 17.0.32112.339
MinimumVisualStudioVersion = 10.0.40219.1
Project("{9A19103F-16F7-4668-BE54-9A1E7A4F7556}") = "AcademyA_CDO.Week2", "AcademyA_CDO.Week2\AcademyA_CDO.Week2.csproj", "{C7FE2DDD-2F20-48AE-AF64-2803B9366ACE}"
EndProject
Project("{2150E333-8FDC-42A3-9474-1A3956D46DE8}") = "Demos", "Demos", "{3773EAA8-7271-421F-9B6A-13266D57A086}"
EndProject
Project("{2150E333-8FDC-42A3-9474-1A3956D46DE8}") = "Day1", "Day1", "{0134A3A6-D260-41F0-A70D-EE79556320B5}"
EndProject
Project("{9A19103F-16F7-4668-BE54-9A1E7A4F7556}") = "AcademyA_CDO.Week2.Library", "AcademyA_CDO.Week2.Library\AcademyA_CDO.Week2.Library.csproj", "{119ABFD1-557E-4B26-9A2B-B2C8920870F4}"
EndProject
Project("{9A19103F-16F7-4668-BE54-9A1E7A4F7556}") = "AcademyA_CDO.Week2.Esercitazioni.Lib", "AcademyA_CDO.Week2.Esercitazioni.Lib\AcademyA_CDO.Week2.Esercitazioni.Lib.csproj", "{F139A4DE-C887-4937-A176-3BD8342840FA}"
EndProject
Project("{2150E333-8FDC-42A3-9474-1A3956D46DE8}") = "Day2", "Day2", "{6DDD3CA3-3E53-4C43-9485-CD9C7EEB94B8}"
EndProject
Project("{9A19103F-16F7-4668-BE54-9A1E7A4F7556}") = "AcademyA_CDO.Week2.Day2", "AcademyA_CDO.Week2.Day2\AcademyA_CDO.Week2.Day2.csproj", "{C93BF07C-42D3-4468-A4E2-EF150FEE4840}"
EndProject
Project("{9A19103F-16F7-4668-BE54-9A1E7A4F7556}") = "AcademyA_CDO.Week2.Esercizi", "AcademyA_CDO.Week2.Esercizi\AcademyA_CDO.Week2.Esercizi.csproj", "{87852913-0191-4245-AF22-068A38E4BCFD}"
EndProject
Project("{9A19103F-16F7-4668-BE54-9A1E7A4F7556}") = "AcademyA_CDO.Week2.Exercise", "AcademyA_CDO.Week2.Exercise\AcademyA_CDO.Week2.Exercise.csproj", "{8DE59552-F745-46DF-9495-9B6AEF4981C8}"
EndProject
Project("{9A19103F-16F7-4668-BE54-9A1E7A4F7556}") = "AcademyA_CDO.Week2.ExerciseLibrary", "AcademyA_CDO.Week2.ExerciseLibrary\AcademyA_CDO.Week2.ExerciseLibrary.csproj", "{768753BC-EEF7-4C0A-887D-FD854EFD94E6}"
EndProject
Project("{2150E333-8FDC-42A3-9474-1A3956D46DE8}") = "Day3", "Day3", "{808A83BF-F5EE-4FBC-BE48-61656E1A699B}"
EndProject
Project("{FAE04EC0-301F-11D3-BF4B-00C04F79EFBC}") = "AcademyA_CDO.Week2.Day3", "AcademyA_CDO.Week2.Day3\AcademyA_CDO.Week2.Day3.csproj", "{6EEEF13E-DF62-471D-96BE-8794E58B1B87}"
EndProject
Project("{2150E333-8FDC-42A3-9474-1A3956D46DE8}") = "Day 4", "Day 4", "{330E2294-DD57-46B1-BE68-60367FBA100B}"
EndProject
Project("{FAE04EC0-301F-11D3-BF4B-00C04F79EFBC}") = "AcademyA_CDO.Week2.Day4", "AcademyA_CDO.Week2.Day4\AcademyA_CDO.Week2.Day4.csproj", "{8CB52F28-E2DA-4968-9EC5-D7AD1514E695}"
EndProject
Project("{2150E333-8FDC-42A3-9474-1A3956D46DE8}") = "EsercitazioneFinale", "EsercitazioneFinale", "{CB556646-2795-4863-9738-E980411035DC}"
EndProject
Project("{FAE04EC0-301F-11D3-BF4B-00C04F79EFBC}") = "AcademyA_CDO.Week2_EsercitazioneFinale", "AcademyA_CDO.Week2_EsercitazioneFinale\AcademyA_CDO.Week2_EsercitazioneFinale.csproj", "{FE159C0C-425D-46AD-B86B-698C9FFBD111}"
EndProject
Project("{FAE04EC0-301F-11D3-BF4B-00C04F79EFBC}") = "AcademyA_CDO.Week2_EsercitazioneFinale.Library", "AcademyA_CDO.Week2_EsercitazioneFinale.Library\AcademyA_CDO.Week2_EsercitazioneFinale.Library.csproj", "{6A28DEB8-B978-4C67-BC32-69EDBE180CF0}"
EndProject
Global
	GlobalSection(SolutionConfigurationPlatforms) = preSolution
		Debug|Any CPU = Debug|Any CPU
		Release|Any CPU = Release|Any CPU
	EndGlobalSection
	GlobalSection(ProjectConfigurationPlatforms) = postSolution
		{C7FE2DDD-2F20-48AE-AF64-2803B9366ACE}.Debug|Any CPU.ActiveCfg = Debug|Any CPU
		{C7FE2DDD-2F20-48AE-AF64-2803B9366ACE}.Debug|Any CPU.Build.0 = Debug|Any CPU
		{C7FE2DDD-2F20-48AE-AF64-2803B9366ACE}.Release|Any CPU.ActiveCfg = Release|Any CPU
		{C7FE2DDD-2F20-48AE-AF64-2803B9366ACE}.Release|Any CPU.Build.0 = Release|Any CPU
		{119ABFD1-557E-4B26-9A2B-B2C8920870F4}.Debug|Any CPU.ActiveCfg = Debug|Any CPU
		{119ABFD1-557E-4B26-9A2B-B2C8920870F4}.Debug|Any CPU.Build.0 = Debug|Any CPU
		{119ABFD1-557E-4B26-9A2B-B2C8920870F4}.Release|Any CPU.ActiveCfg = Release|Any CPU
		{119ABFD1-557E-4B26-9A2B-B2C8920870F4}.Release|Any CPU.Build.0 = Release|Any CPU
		{F139A4DE-C887-4937-A176-3BD8342840FA}.Debug|Any CPU.ActiveCfg = Debug|Any CPU
		{F139A4DE-C887-4937-A176-3BD8342840FA}.Debug|Any CPU.Build.0 = Debug|Any CPU
		{F139A4DE-C887-4937-A176-3BD8342840FA}.Release|Any CPU.ActiveCfg = Release|Any CPU
		{F139A4DE-C887-4937-A176-3BD8342840FA}.Release|Any CPU.Build.0 = Release|Any CPU
		{C93BF07C-42D3-4468-A4E2-EF150FEE4840}.Debug|Any CPU.ActiveCfg = Debug|Any CPU
		{C93BF07C-42D3-4468-A4E2-EF150FEE4840}.Debug|Any CPU.Build.0 = Debug|Any CPU
		{C93BF07C-42D3-4468-A4E2-EF150FEE4840}.Release|Any CPU.ActiveCfg = Release|Any CPU
		{C93BF07C-42D3-4468-A4E2-EF150FEE4840}.Release|Any CPU.Build.0 = Release|Any CPU
		{87852913-0191-4245-AF22-068A38E4BCFD}.Debug|Any CPU.ActiveCfg = Debug|Any CPU
		{87852913-0191-4245-AF22-068A38E4BCFD}.Debug|Any CPU.Build.0 = Debug|Any CPU
		{87852913-0191-4245-AF22-068A38E4BCFD}.Release|Any CPU.ActiveCfg = Release|Any CPU
		{87852913-0191-4245-AF22-068A38E4BCFD}.Release|Any CPU.Build.0 = Release|Any CPU
		{8DE59552-F745-46DF-9495-9B6AEF4981C8}.Debug|Any CPU.ActiveCfg = Debug|Any CPU
		{8DE59552-F745-46DF-9495-9B6AEF4981C8}.Debug|Any CPU.Build.0 = Debug|Any CPU
		{8DE59552-F745-46DF-9495-9B6AEF4981C8}.Release|Any CPU.ActiveCfg = Release|Any CPU
		{8DE59552-F745-46DF-9495-9B6AEF4981C8}.Release|Any CPU.Build.0 = Release|Any CPU
		{768753BC-EEF7-4C0A-887D-FD854EFD94E6}.Debug|Any CPU.ActiveCfg = Debug|Any CPU
		{768753BC-EEF7-4C0A-887D-FD854EFD94E6}.Debug|Any CPU.Build.0 = Debug|Any CPU
		{768753BC-EEF7-4C0A-887D-FD854EFD94E6}.Release|Any CPU.ActiveCfg = Release|Any CPU
		{768753BC-EEF7-4C0A-887D-FD854EFD94E6}.Release|Any CPU.Build.0 = Release|Any CPU
		{6EEEF13E-DF62-471D-96BE-8794E58B1B87}.Debug|Any CPU.ActiveCfg = Debug|Any CPU
		{6EEEF13E-DF62-471D-96BE-8794E58B1B87}.Debug|Any CPU.Build.0 = Debug|Any CPU
		{6EEEF13E-DF62-471D-96BE-8794E58B1B87}.Release|Any CPU.ActiveCfg = Release|Any CPU
		{6EEEF13E-DF62-471D-96BE-8794E58B1B87}.Release|Any CPU.Build.0 = Release|Any CPU
		{8CB52F28-E2DA-4968-9EC5-D7AD1514E695}.Debug|Any CPU.ActiveCfg = Debug|Any CPU
		{8CB52F28-E2DA-4968-9EC5-D7AD1514E695}.Debug|Any CPU.Build.0 = Debug|Any CPU
		{8CB52F28-E2DA-4968-9EC5-D7AD1514E695}.Release|Any CPU.ActiveCfg = Release|Any CPU
		{8CB52F28-E2DA-4968-9EC5-D7AD1514E695}.Release|Any CPU.Build.0 = Release|Any CPU
		{FE159C0C-425D-46AD-B86B-698C9FFBD111}.Debug|Any CPU.ActiveCfg = Debug|Any CPU
		{FE159C0C-425D-46AD-B86B-698C9FFBD111}.Debug|Any CPU.Build.0 = Debug|Any CPU
		{FE159C0C-425D-46AD-B86B-698C9FFBD111}.Release|Any CPU.ActiveCfg = Release|Any CPU
		{FE159C0C-425D-46AD-B86B-698C9FFBD111}.Release|Any CPU.Build.0 = Release|Any CPU
		{6A28DEB8-B978-4C67-BC32-69EDBE180CF0}.Debug|Any CPU.ActiveCfg = Debug|Any CPU
		{6A28DEB8-B978-4C67-BC32-69EDBE180CF0}.Debug|Any CPU.Build.0 = Debug|Any CPU
		{6A28DEB8-B978-4C67-BC32-69EDBE180CF0}.Release|Any CPU.ActiveCfg = Release|Any CPU
		{6A28DEB8-B978-4C67-BC32-69EDBE180CF0}.Release|Any CPU.Build.0 = Release|Any CPU
	EndGlobalSection
	GlobalSection(SolutionProperties) = preSolution
		HideSolutionNode = FALSE
	EndGlobalSection
	GlobalSection(NestedProjects) = preSolution
		{C7FE2DDD-2F20-48AE-AF64-2803B9366ACE} = {0134A3A6-D260-41F0-A70D-EE79556320B5}
		{0134A3A6-D260-41F0-A70D-EE79556320B5} = {3773EAA8-7271-421F-9B6A-13266D57A086}
		{119ABFD1-557E-4B26-9A2B-B2C8920870F4} = {3773EAA8-7271-421F-9B6A-13266D57A086}
		{6DDD3CA3-3E53-4C43-9485-CD9C7EEB94B8} = {3773EAA8-7271-421F-9B6A-13266D57A086}
		{C93BF07C-42D3-4468-A4E2-EF150FEE4840} = {6DDD3CA3-3E53-4C43-9485-CD9C7EEB94B8}
		{808A83BF-F5EE-4FBC-BE48-61656E1A699B} = {3773EAA8-7271-421F-9B6A-13266D57A086}
		{6EEEF13E-DF62-471D-96BE-8794E58B1B87} = {808A83BF-F5EE-4FBC-BE48-61656E1A699B}
		{330E2294-DD57-46B1-BE68-60367FBA100B} = {3773EAA8-7271-421F-9B6A-13266D57A086}
		{8CB52F28-E2DA-4968-9EC5-D7AD1514E695} = {330E2294-DD57-46B1-BE68-60367FBA100B}
		{FE159C0C-425D-46AD-B86B-698C9FFBD111} = {CB556646-2795-4863-9738-E980411035DC}
		{6A28DEB8-B978-4C67-BC32-69EDBE180CF0} = {CB556646-2795-4863-9738-E980411035DC}
	EndGlobalSection
	GlobalSection(ExtensibilityGlobals) = postSolution
		SolutionGuid = {74128B91-A6DA-403B-9611-3F01B7D17831}
	EndGlobalSection
EndGlobal
